
Microsoft Visual Studio Solution File, Format Version 12.00
# Visual Studio Version 17
VisualStudioVersion = 17.11.35303.130
MinimumVisualStudioVersion = 10.0.40219.1
Project("{FAE04EC0-301F-11D3-BF4B-00C04F79EFBC}") = "GameProject", "GameProject\GameProject.csproj", "{0ECC735E-AA78-42FD-AD88-5B3DF60DBDB4}"
EndProject
Global
	GlobalSection(SolutionConfigurationPlatforms) = preSolution
		Debug|Any CPU = Debug|Any CPU
		Release|Any CPU = Release|Any CPU
	EndGlobalSection
	GlobalSection(ProjectConfigurationPlatforms) = postSolution
		{0ECC735E-AA78-42FD-AD88-5B3DF60DBDB4}.Debug|Any CPU.ActiveCfg = Debug|Any CPU
		{0ECC735E-AA78-42FD-AD88-5B3DF60DBDB4}.Debug|Any CPU.Build.0 = Debug|Any CPU
		{0ECC735E-AA78-42FD-AD88-5B3DF60DBDB4}.Release|Any CPU.ActiveCfg = Release|Any CPU
		{0ECC735E-AA78-42FD-AD88-5B3DF60DBDB4}.Release|Any CPU.Build.0 = Release|Any CPU
	EndGlobalSection
	GlobalSection(SolutionProperties) = preSolution
		HideSolutionNode = FALSE
	EndGlobalSection
	GlobalSection(ExtensibilityGlobals) = postSolution
		SolutionGuid = {5B6ADD71-4748-4609-AFFA-400F716C8079}
	EndGlobalSection
EndGlobal
